
Microsoft Visual Studio Solution File, Format Version 12.00
# Visual Studio 15
VisualStudioVersion = 15.0.26730.8
MinimumVisualStudioVersion = 10.0.40219.1
Project("{2150E333-8FDC-42A3-9474-1A3956D46DE8}") = "门户", "门户", "{04E26636-D838-4FF9-BCA8-737A11A1FD8F}"
EndProject
Project("{2150E333-8FDC-42A3-9474-1A3956D46DE8}") = "后台", "后台", "{A36F2F7B-F5EE-4DF6-9924-48D625369368}"
EndProject
Project("{2150E333-8FDC-42A3-9474-1A3956D46DE8}") = "通用", "通用", "{ED1BA38A-46F0-476F-8788-56AEB0CEEEA0}"
EndProject
Project("{FAE04EC0-301F-11D3-BF4B-00C04F79EFBC}") = "ORM", "ORM\ORM.csproj", "{8F0057EF-19DE-4F69-9F0E-616C6C647BC0}"
EndProject
Project("{FAE04EC0-301F-11D3-BF4B-00C04F79EFBC}") = "Helper", "Helper\Helper.csproj", "{5B85DEA1-003B-458C-8D3F-D31590A7BC10}"
EndProject
Project("{FAE04EC0-301F-11D3-BF4B-00C04F79EFBC}") = "Lib", "Lib\Lib.csproj", "{3EC2C5DF-CC6B-4ABA-AAB9-B46F58CE2415}"
EndProject
Project("{FAE04EC0-301F-11D3-BF4B-00C04F79EFBC}") = "Console", "Console\Console.csproj", "{B374CDFC-23E7-421E-981A-2F05CC6DEC3E}"
EndProject
Project("{FAE04EC0-301F-11D3-BF4B-00C04F79EFBC}") = "Portals", "Portals\Portals.csproj", "{B2BCD406-167F-4C1F-81B4-9C1166AA526D}"
EndProject
Project("{FAE04EC0-301F-11D3-BF4B-00C04F79EFBC}") = "Common", "Common\Common.csproj", "{D7A94746-9867-4706-953A-EE0AEBA03B4B}"
EndProject
Project("{FAE04EC0-301F-11D3-BF4B-00C04F79EFBC}") = "Modules", "Modules\Modules.csproj", "{005978AA-776A-449D-8ED4-DAA0BA3D7A1F}"
EndProject
Project("{2150E333-8FDC-42A3-9474-1A3956D46DE8}") = "接口", "接口", "{BBAF0BB1-A503-4126-BF1C-C0A388F2DB92}"
EndProject
Project("{FAE04EC0-301F-11D3-BF4B-00C04F79EFBC}") = "WcfContract", "WcfContract\WcfContract.csproj", "{D22F73DC-5A0B-46BE-8E86-CB9752F2CAFA}"
EndProject
Project("{FAE04EC0-301F-11D3-BF4B-00C04F79EFBC}") = "WcfInstaller", "WcfInstaller\WcfInstaller.csproj", "{F80E7123-2AB7-4E01-AB44-14B4628598D2}"
EndProject
Project("{FAE04EC0-301F-11D3-BF4B-00C04F79EFBC}") = "WcfService", "WcfService\WcfService.csproj", "{341DC345-2205-43BA-8CCB-BAA3157D4C24}"
EndProject
Global
	GlobalSection(SolutionConfigurationPlatforms) = preSolution
		Debug|Any CPU = Debug|Any CPU
		Release|Any CPU = Release|Any CPU
	EndGlobalSection
	GlobalSection(ProjectConfigurationPlatforms) = postSolution
		{8F0057EF-19DE-4F69-9F0E-616C6C647BC0}.Debug|Any CPU.ActiveCfg = Debug|Any CPU
		{8F0057EF-19DE-4F69-9F0E-616C6C647BC0}.Debug|Any CPU.Build.0 = Debug|Any CPU
		{8F0057EF-19DE-4F69-9F0E-616C6C647BC0}.Release|Any CPU.ActiveCfg = Release|Any CPU
		{8F0057EF-19DE-4F69-9F0E-616C6C647BC0}.Release|Any CPU.Build.0 = Release|Any CPU
		{5B85DEA1-003B-458C-8D3F-D31590A7BC10}.Debug|Any CPU.ActiveCfg = Debug|Any CPU
		{5B85DEA1-003B-458C-8D3F-D31590A7BC10}.Debug|Any CPU.Build.0 = Debug|Any CPU
		{5B85DEA1-003B-458C-8D3F-D31590A7BC10}.Release|Any CPU.ActiveCfg = Release|Any CPU
		{5B85DEA1-003B-458C-8D3F-D31590A7BC10}.Release|Any CPU.Build.0 = Release|Any CPU
		{3EC2C5DF-CC6B-4ABA-AAB9-B46F58CE2415}.Debug|Any CPU.ActiveCfg = Debug|Any CPU
		{3EC2C5DF-CC6B-4ABA-AAB9-B46F58CE2415}.Debug|Any CPU.Build.0 = Debug|Any CPU
		{3EC2C5DF-CC6B-4ABA-AAB9-B46F58CE2415}.Release|Any CPU.ActiveCfg = Release|Any CPU
		{3EC2C5DF-CC6B-4ABA-AAB9-B46F58CE2415}.Release|Any CPU.Build.0 = Release|Any CPU
		{B374CDFC-23E7-421E-981A-2F05CC6DEC3E}.Debug|Any CPU.ActiveCfg = Debug|Any CPU
		{B374CDFC-23E7-421E-981A-2F05CC6DEC3E}.Debug|Any CPU.Build.0 = Debug|Any CPU
		{B374CDFC-23E7-421E-981A-2F05CC6DEC3E}.Release|Any CPU.ActiveCfg = Release|Any CPU
		{B374CDFC-23E7-421E-981A-2F05CC6DEC3E}.Release|Any CPU.Build.0 = Release|Any CPU
		{B2BCD406-167F-4C1F-81B4-9C1166AA526D}.Debug|Any CPU.ActiveCfg = Debug|Any CPU
		{B2BCD406-167F-4C1F-81B4-9C1166AA526D}.Debug|Any CPU.Build.0 = Debug|Any CPU
		{B2BCD406-167F-4C1F-81B4-9C1166AA526D}.Release|Any CPU.ActiveCfg = Release|Any CPU
		{B2BCD406-167F-4C1F-81B4-9C1166AA526D}.Release|Any CPU.Build.0 = Release|Any CPU
		{D7A94746-9867-4706-953A-EE0AEBA03B4B}.Debug|Any CPU.ActiveCfg = Debug|Any CPU
		{D7A94746-9867-4706-953A-EE0AEBA03B4B}.Debug|Any CPU.Build.0 = Debug|Any CPU
		{D7A94746-9867-4706-953A-EE0AEBA03B4B}.Release|Any CPU.ActiveCfg = Release|Any CPU
		{D7A94746-9867-4706-953A-EE0AEBA03B4B}.Release|Any CPU.Build.0 = Release|Any CPU
		{005978AA-776A-449D-8ED4-DAA0BA3D7A1F}.Debug|Any CPU.ActiveCfg = Debug|Any CPU
		{005978AA-776A-449D-8ED4-DAA0BA3D7A1F}.Debug|Any CPU.Build.0 = Debug|Any CPU
		{005978AA-776A-449D-8ED4-DAA0BA3D7A1F}.Release|Any CPU.ActiveCfg = Release|Any CPU
		{005978AA-776A-449D-8ED4-DAA0BA3D7A1F}.Release|Any CPU.Build.0 = Release|Any CPU
		{D22F73DC-5A0B-46BE-8E86-CB9752F2CAFA}.Debug|Any CPU.ActiveCfg = Debug|Any CPU
		{D22F73DC-5A0B-46BE-8E86-CB9752F2CAFA}.Debug|Any CPU.Build.0 = Debug|Any CPU
		{D22F73DC-5A0B-46BE-8E86-CB9752F2CAFA}.Release|Any CPU.ActiveCfg = Release|Any CPU
		{D22F73DC-5A0B-46BE-8E86-CB9752F2CAFA}.Release|Any CPU.Build.0 = Release|Any CPU
		{F80E7123-2AB7-4E01-AB44-14B4628598D2}.Debug|Any CPU.ActiveCfg = Debug|Any CPU
		{F80E7123-2AB7-4E01-AB44-14B4628598D2}.Debug|Any CPU.Build.0 = Debug|Any CPU
		{F80E7123-2AB7-4E01-AB44-14B4628598D2}.Release|Any CPU.ActiveCfg = Release|Any CPU
		{F80E7123-2AB7-4E01-AB44-14B4628598D2}.Release|Any CPU.Build.0 = Release|Any CPU
		{341DC345-2205-43BA-8CCB-BAA3157D4C24}.Debug|Any CPU.ActiveCfg = Debug|Any CPU
		{341DC345-2205-43BA-8CCB-BAA3157D4C24}.Debug|Any CPU.Build.0 = Debug|Any CPU
		{341DC345-2205-43BA-8CCB-BAA3157D4C24}.Release|Any CPU.ActiveCfg = Release|Any CPU
		{341DC345-2205-43BA-8CCB-BAA3157D4C24}.Release|Any CPU.Build.0 = Release|Any CPU
	EndGlobalSection
	GlobalSection(SolutionProperties) = preSolution
		HideSolutionNode = FALSE
	EndGlobalSection
	GlobalSection(NestedProjects) = preSolution
		{8F0057EF-19DE-4F69-9F0E-616C6C647BC0} = {ED1BA38A-46F0-476F-8788-56AEB0CEEEA0}
		{5B85DEA1-003B-458C-8D3F-D31590A7BC10} = {ED1BA38A-46F0-476F-8788-56AEB0CEEEA0}
		{3EC2C5DF-CC6B-4ABA-AAB9-B46F58CE2415} = {ED1BA38A-46F0-476F-8788-56AEB0CEEEA0}
		{B374CDFC-23E7-421E-981A-2F05CC6DEC3E} = {A36F2F7B-F5EE-4DF6-9924-48D625369368}
		{B2BCD406-167F-4C1F-81B4-9C1166AA526D} = {04E26636-D838-4FF9-BCA8-737A11A1FD8F}
		{D7A94746-9867-4706-953A-EE0AEBA03B4B} = {ED1BA38A-46F0-476F-8788-56AEB0CEEEA0}
		{005978AA-776A-449D-8ED4-DAA0BA3D7A1F} = {ED1BA38A-46F0-476F-8788-56AEB0CEEEA0}
		{D22F73DC-5A0B-46BE-8E86-CB9752F2CAFA} = {BBAF0BB1-A503-4126-BF1C-C0A388F2DB92}
		{F80E7123-2AB7-4E01-AB44-14B4628598D2} = {BBAF0BB1-A503-4126-BF1C-C0A388F2DB92}
		{341DC345-2205-43BA-8CCB-BAA3157D4C24} = {BBAF0BB1-A503-4126-BF1C-C0A388F2DB92}
	EndGlobalSection
	GlobalSection(ExtensibilityGlobals) = postSolution
		SolutionGuid = {DCB0836C-8AB6-4A30-BD67-9D9143F13002}
	EndGlobalSection
	GlobalSection(SubversionScc) = preSolution
		Svn-Managed = True
		Manager = AnkhSVN - Subversion Support for Visual Studio
	EndGlobalSection
EndGlobal
